
Microsoft Visual Studio Solution File, Format Version 12.00
# Visual Studio 2013
VisualStudioVersion = 12.0.40629.0
MinimumVisualStudioVersion = 10.0.40219.1
Project("{2150E333-8FDC-42A3-9474-1A3956D46DE8}") = ".nuget", ".nuget", "{37C0C6F5-FA2A-41C0-AB41-7BC8EB959FA1}"
	ProjectSection(SolutionItems) = preProject
		.nuget\NuGet.Config = .nuget\NuGet.Config
		.nuget\NuGet.exe = .nuget\NuGet.exe
		.nuget\NuGet.targets = .nuget\NuGet.targets
	EndProjectSection
EndProject
Project("{FAE04EC0-301F-11D3-BF4B-00C04F79EFBC}") = "challenge-mvc-asp", "challenge-mvc-asp.csproj", "{065F44B7-3B87-4388-876F-6B580C5EFBA3}"
EndProject
Global
	GlobalSection(SolutionConfigurationPlatforms) = preSolution
		Debug|Any CPU = Debug|Any CPU
		Release|Any CPU = Release|Any CPU
	EndGlobalSection
	GlobalSection(ProjectConfigurationPlatforms) = postSolution
		{065F44B7-3B87-4388-876F-6B580C5EFBA3}.Debug|Any CPU.ActiveCfg = Debug|Any CPU
		{065F44B7-3B87-4388-876F-6B580C5EFBA3}.Debug|Any CPU.Build.0 = Debug|Any CPU
		{065F44B7-3B87-4388-876F-6B580C5EFBA3}.Release|Any CPU.ActiveCfg = Release|Any CPU
		{065F44B7-3B87-4388-876F-6B580C5EFBA3}.Release|Any CPU.Build.0 = Release|Any CPU
	EndGlobalSection
	GlobalSection(SolutionProperties) = preSolution
		HideSolutionNode = FALSE
	EndGlobalSection
EndGlobal
